// !$*UTF8*$!
{
	archiveVersion = 1;
	classes = {
	};
	objectVersion = 48;
	objects = {

/* Begin PBXBuildFile section */
		FFCACF02201E7B920070B1BA /* AppDelegate.swift in Sources */ = {isa = PBXBuildFile; fileRef = FFCACF01201E7B920070B1BA /* AppDelegate.swift */; };
		FFCACF04201E7B920070B1BA /* ViewController.swift in Sources */ = {isa = PBXBuildFile; fileRef = FFCACF03201E7B920070B1BA /* ViewController.swift */; };
		FFCACF07201E7B920070B1BA /* Main.storyboard in Resources */ = {isa = PBXBuildFile; fileRef = FFCACF05201E7B920070B1BA /* Main.storyboard */; };
		FFCACF09201E7B920070B1BA /* Assets.xcassets in Resources */ = {isa = PBXBuildFile; fileRef = FFCACF08201E7B920070B1BA /* Assets.xcassets */; };
		FFCACF0C201E7B920070B1BA /* LaunchScreen.storyboard in Resources */ = {isa = PBXBuildFile; fileRef = FFCACF0A201E7B920070B1BA /* LaunchScreen.storyboard */; };
		FFCACF17201E7B920070B1BA /* simple_calcTests.swift in Sources */ = {isa = PBXBuildFile; fileRef = FFCACF16201E7B920070B1BA /* simple_calcTests.swift */; };
		FFCACF22201E7B920070B1BA /* simple_calcUITests.swift in Sources */ = {isa = PBXBuildFile; fileRef = FFCACF21201E7B920070B1BA /* simple_calcUITests.swift */; };
/* End PBXBuildFile section */

/* Begin PBXContainerItemProxy section */
		FFCACF13201E7B920070B1BA /* PBXContainerItemProxy */ = {
			isa = PBXContainerItemProxy;
			containerPortal = FFCACEF6201E7B920070B1BA /* Project object */;
			proxyType = 1;
			remoteGlobalIDString = FFCACEFD201E7B920070B1BA;
			remoteInfo = "simple-calc";
		};
		FFCACF1E201E7B920070B1BA /* PBXContainerItemProxy */ = {
			isa = PBXContainerItemProxy;
			containerPortal = FFCACEF6201E7B920070B1BA /* Project object */;
			proxyType = 1;
			remoteGlobalIDString = FFCACEFD201E7B920070B1BA;
			remoteInfo = "simple-calc";
		};
/* End PBXContainerItemProxy section */

/* Begin PBXFileReference section */
		FFCACEFE201E7B920070B1BA /* simple-calc.app */ = {isa = PBXFileReference; explicitFileType = wrapper.application; includeInIndex = 0; path = "simple-calc.app"; sourceTree = BUILT_PRODUCTS_DIR; };
		FFCACF01201E7B920070B1BA /* AppDelegate.swift */ = {isa = PBXFileReference; lastKnownFileType = sourcecode.swift; path = AppDelegate.swift; sourceTree = "<group>"; };
		FFCACF03201E7B920070B1BA /* ViewController.swift */ = {isa = PBXFileReference; lastKnownFileType = sourcecode.swift; path = ViewController.swift; sourceTree = "<group>"; };
		FFCACF06201E7B920070B1BA /* Base */ = {isa = PBXFileReference; lastKnownFileType = file.storyboard; name = Base; path = Base.lproj/Main.storyboard; sourceTree = "<group>"; };
		FFCACF08201E7B920070B1BA /* Assets.xcassets */ = {isa = PBXFileReference; lastKnownFileType = folder.assetcatalog; path = Assets.xcassets; sourceTree = "<group>"; };
		FFCACF0B201E7B920070B1BA /* Base */ = {isa = PBXFileReference; lastKnownFileType = file.storyboard; name = Base; path = Base.lproj/LaunchScreen.storyboard; sourceTree = "<group>"; };
		FFCACF0D201E7B920070B1BA /* Info.plist */ = {isa = PBXFileReference; lastKnownFileType = text.plist.xml; path = Info.plist; sourceTree = "<group>"; };
		FFCACF12201E7B920070B1BA /* simple-calcTests.xctest */ = {isa = PBXFileReference; explicitFileType = wrapper.cfbundle; includeInIndex = 0; path = "simple-calcTests.xctest"; sourceTree = BUILT_PRODUCTS_DIR; };
		FFCACF16201E7B920070B1BA /* simple_calcTests.swift */ = {isa = PBXFileReference; lastKnownFileType = sourcecode.swift; path = simple_calcTests.swift; sourceTree = "<group>"; };
		FFCACF18201E7B920070B1BA /* Info.plist */ = {isa = PBXFileReference; lastKnownFileType = text.plist.xml; path = Info.plist; sourceTree = "<group>"; };
		FFCACF1D201E7B920070B1BA /* simple-calcUITests.xctest */ = {isa = PBXFileReference; explicitFileType = wrapper.cfbundle; includeInIndex = 0; path = "simple-calcUITests.xctest"; sourceTree = BUILT_PRODUCTS_DIR; };
		FFCACF21201E7B920070B1BA /* simple_calcUITests.swift */ = {isa = PBXFileReference; lastKnownFileType = sourcecode.swift; path = simple_calcUITests.swift; sourceTree = "<group>"; };
		FFCACF23201E7B920070B1BA /* Info.plist */ = {isa = PBXFileReference; lastKnownFileType = text.plist.xml; path = Info.plist; sourceTree = "<group>"; };
/* End PBXFileReference section */

/* Begin PBXFrameworksBuildPhase section */
		FFCACEFB201E7B920070B1BA /* Frameworks */ = {
			isa = PBXFrameworksBuildPhase;
			buildActionMask = 2147483647;
			files = (
			);
			runOnlyForDeploymentPostprocessing = 0;
		};
		FFCACF0F201E7B920070B1BA /* Frameworks */ = {
			isa = PBXFrameworksBuildPhase;
			buildActionMask = 2147483647;
			files = (
			);
			runOnlyForDeploymentPostprocessing = 0;
		};
		FFCACF1A201E7B920070B1BA /* Frameworks */ = {
			isa = PBXFrameworksBuildPhase;
			buildActionMask = 2147483647;
			files = (
			);
			runOnlyForDeploymentPostprocessing = 0;
		};
/* End PBXFrameworksBuildPhase section */

/* Begin PBXGroup section */
		FFCACEF5201E7B920070B1BA = {
			isa = PBXGroup;
			children = (
				FFCACF00201E7B920070B1BA /* simple-calc */,
				FFCACF15201E7B920070B1BA /* simple-calcTests */,
				FFCACF20201E7B920070B1BA /* simple-calcUITests */,
				FFCACEFF201E7B920070B1BA /* Products */,
			);
			sourceTree = "<group>";
		};
		FFCACEFF201E7B920070B1BA /* Products */ = {
			isa = PBXGroup;
			children = (
				FFCACEFE201E7B920070B1BA /* simple-calc.app */,
				FFCACF12201E7B920070B1BA /* simple-calcTests.xctest */,
				FFCACF1D201E7B920070B1BA /* simple-calcUITests.xctest */,
			);
			name = Products;
			sourceTree = "<group>";
		};
		FFCACF00201E7B920070B1BA /* simple-calc */ = {
			isa = PBXGroup;
			children = (
				FFCACF01201E7B920070B1BA /* AppDelegate.swift */,
				FFCACF03201E7B920070B1BA /* ViewController.swift */,
				FFCACF05201E7B920070B1BA /* Main.storyboard */,
				FFCACF08201E7B920070B1BA /* Assets.xcassets */,
				FFCACF0A201E7B920070B1BA /* LaunchScreen.storyboard */,
				FFCACF0D201E7B920070B1BA /* Info.plist */,
			);
			path = "simple-calc";
			sourceTree = "<group>";
		};
		FFCACF15201E7B920070B1BA /* simple-calcTests */ = {
			isa = PBXGroup;
			children = (
				FFCACF16201E7B920070B1BA /* simple_calcTests.swift */,
				FFCACF18201E7B920070B1BA /* Info.plist */,
			);
			path = "simple-calcTests";
			sourceTree = "<group>";
		};
		FFCACF20201E7B920070B1BA /* simple-calcUITests */ = {
			isa = PBXGroup;
			children = (
				FFCACF21201E7B920070B1BA /* simple_calcUITests.swift */,
				FFCACF23201E7B920070B1BA /* Info.plist */,
			);
			path = "simple-calcUITests";
			sourceTree = "<group>";
		};
/* End PBXGroup section */

/* Begin PBXNativeTarget section */
		FFCACEFD201E7B920070B1BA /* simple-calc */ = {
			isa = PBXNativeTarget;
			buildConfigurationList = FFCACF26201E7B920070B1BA /* Build configuration list for PBXNativeTarget "simple-calc" */;
			buildPhases = (
				FFCACEFA201E7B920070B1BA /* Sources */,
				FFCACEFB201E7B920070B1BA /* Frameworks */,
				FFCACEFC201E7B920070B1BA /* Resources */,
			);
			buildRules = (
			);
			dependencies = (
			);
			name = "simple-calc";
			productName = "simple-calc";
			productReference = FFCACEFE201E7B920070B1BA /* simple-calc.app */;
			productType = "com.apple.product-type.application";
		};
		FFCACF11201E7B920070B1BA /* simple-calcTests */ = {
			isa = PBXNativeTarget;
			buildConfigurationList = FFCACF29201E7B920070B1BA /* Build configuration list for PBXNativeTarget "simple-calcTests" */;
			buildPhases = (
				FFCACF0E201E7B920070B1BA /* Sources */,
				FFCACF0F201E7B920070B1BA /* Frameworks */,
				FFCACF10201E7B920070B1BA /* Resources */,
			);
			buildRules = (
			);
			dependencies = (
				FFCACF14201E7B920070B1BA /* PBXTargetDependency */,
			);
			name = "simple-calcTests";
			productName = "simple-calcTests";
			productReference = FFCACF12201E7B920070B1BA /* simple-calcTests.xctest */;
			productType = "com.apple.product-type.bundle.unit-test";
		};
		FFCACF1C201E7B920070B1BA /* simple-calcUITests */ = {
			isa = PBXNativeTarget;
			buildConfigurationList = FFCACF2C201E7B920070B1BA /* Build configuration list for PBXNativeTarget "simple-calcUITests" */;
			buildPhases = (
				FFCACF19201E7B920070B1BA /* Sources */,
				FFCACF1A201E7B920070B1BA /* Frameworks */,
				FFCACF1B201E7B920070B1BA /* Resources */,
			);
			buildRules = (
			);
			dependencies = (
				FFCACF1F201E7B920070B1BA /* PBXTargetDependency */,
			);
			name = "simple-calcUITests";
			productName = "simple-calcUITests";
			productReference = FFCACF1D201E7B920070B1BA /* simple-calcUITests.xctest */;
			productType = "com.apple.product-type.bundle.ui-testing";
		};
/* End PBXNativeTarget section */

/* Begin PBXProject section */
		FFCACEF6201E7B920070B1BA /* Project object */ = {
			isa = PBXProject;
			attributes = {
				LastSwiftUpdateCheck = 0920;
				LastUpgradeCheck = 0920;
				ORGANIZATIONNAME = "Sam Sturtevant";
				TargetAttributes = {
					FFCACEFD201E7B920070B1BA = {
						CreatedOnToolsVersion = 9.2;
						ProvisioningStyle = Automatic;
					};
					FFCACF11201E7B920070B1BA = {
						CreatedOnToolsVersion = 9.2;
						ProvisioningStyle = Automatic;
						TestTargetID = FFCACEFD201E7B920070B1BA;
					};
					FFCACF1C201E7B920070B1BA = {
						CreatedOnToolsVersion = 9.2;
						ProvisioningStyle = Automatic;
						TestTargetID = FFCACEFD201E7B920070B1BA;
					};
				};
			};
			buildConfigurationList = FFCACEF9201E7B920070B1BA /* Build configuration list for PBXProject "simple-calc" */;
			compatibilityVersion = "Xcode 8.0";
			developmentRegion = en;
			hasScannedForEncodings = 0;
			knownRegions = (
				en,
				Base,
			);
			mainGroup = FFCACEF5201E7B920070B1BA;
			productRefGroup = FFCACEFF201E7B920070B1BA /* Products */;
			projectDirPath = "";
			projectRoot = "";
			targets = (
				FFCACEFD201E7B920070B1BA /* simple-calc */,
				FFCACF11201E7B920070B1BA /* simple-calcTests */,
				FFCACF1C201E7B920070B1BA /* simple-calcUITests */,
			);
		};
/* End PBXProject section */

/* Begin PBXResourcesBuildPhase section */
		FFCACEFC201E7B920070B1BA /* Resources */ = {
			isa = PBXResourcesBuildPhase;
			buildActionMask = 2147483647;
			files = (
				FFCACF0C201E7B920070B1BA /* LaunchScreen.storyboard in Resources */,
				FFCACF09201E7B920070B1BA /* Assets.xcassets in Resources */,
				FFCACF07201E7B920070B1BA /* Main.storyboard in Resources */,
			);
			runOnlyForDeploymentPostprocessing = 0;
		};
		FFCACF10201E7B920070B1BA /* Resources */ = {
			isa = PBXResourcesBuildPhase;
			buildActionMask = 2147483647;
			files = (
			);
			runOnlyForDeploymentPostprocessing = 0;
		};
		FFCACF1B201E7B920070B1BA /* Resources */ = {
			isa = PBXResourcesBuildPhase;
			buildActionMask = 2147483647;
			files = (
			);
			runOnlyForDeploymentPostprocessing = 0;
		};
/* End PBXResourcesBuildPhase section */

/* Begin PBXSourcesBuildPhase section */
		FFCACEFA201E7B920070B1BA /* Sources */ = {
			isa = PBXSourcesBuildPhase;
			buildActionMask = 2147483647;
			files = (
				FFCACF04201E7B920070B1BA /* ViewController.swift in Sources */,
				FFCACF02201E7B920070B1BA /* AppDelegate.swift in Sources */,
			);
			runOnlyForDeploymentPostprocessing = 0;
		};
		FFCACF0E201E7B920070B1BA /* Sources */ = {
			isa = PBXSourcesBuildPhase;
			buildActionMask = 2147483647;
			files = (
				FFCACF17201E7B920070B1BA /* simple_calcTests.swift in Sources */,
			);
			runOnlyForDeploymentPostprocessing = 0;
		};
		FFCACF19201E7B920070B1BA /* Sources */ = {
			isa = PBXSourcesBuildPhase;
			buildActionMask = 2147483647;
			files = (
				FFCACF22201E7B920070B1BA /* simple_calcUITests.swift in Sources */,
			);
			runOnlyForDeploymentPostprocessing = 0;
		};
/* End PBXSourcesBuildPhase section */

/* Begin PBXTargetDependency section */
		FFCACF14201E7B920070B1BA /* PBXTargetDependency */ = {
			isa = PBXTargetDependency;
			target = FFCACEFD201E7B920070B1BA /* simple-calc */;
			targetProxy = FFCACF13201E7B920070B1BA /* PBXContainerItemProxy */;
		};
		FFCACF1F201E7B920070B1BA /* PBXTargetDependency */ = {
			isa = PBXTargetDependency;
			target = FFCACEFD201E7B920070B1BA /* simple-calc */;
			targetProxy = FFCACF1E201E7B920070B1BA /* PBXContainerItemProxy */;
		};
/* End PBXTargetDependency section */

/* Begin PBXVariantGroup section */
		FFCACF05201E7B920070B1BA /* Main.storyboard */ = {
			isa = PBXVariantGroup;
			children = (
				FFCACF06201E7B920070B1BA /* Base */,
			);
			name = Main.storyboard;
			sourceTree = "<group>";
		};
		FFCACF0A201E7B920070B1BA /* LaunchScreen.storyboard */ = {
			isa = PBXVariantGroup;
			children = (
				FFCACF0B201E7B920070B1BA /* Base */,
			);
			name = LaunchScreen.storyboard;
			sourceTree = "<group>";
		};
/* End PBXVariantGroup section */

/* Begin XCBuildConfiguration section */
		FFCACF24201E7B920070B1BA /* Debug */ = {
			isa = XCBuildConfiguration;
			buildSettings = {
				ALWAYS_SEARCH_USER_PATHS = NO;
				CLANG_ANALYZER_NONNULL = YES;
				CLANG_ANALYZER_NUMBER_OBJECT_CONVERSION = YES_AGGRESSIVE;
				CLANG_CXX_LANGUAGE_STANDARD = "gnu++14";
				CLANG_CXX_LIBRARY = "libc++";
				CLANG_ENABLE_MODULES = YES;
				CLANG_ENABLE_OBJC_ARC = YES;
				CLANG_WARN_BLOCK_CAPTURE_AUTORELEASING = YES;
				CLANG_WARN_BOOL_CONVERSION = YES;
				CLANG_WARN_COMMA = YES;
				CLANG_WARN_CONSTANT_CONVERSION = YES;
				CLANG_WARN_DIRECT_OBJC_ISA_USAGE = YES_ERROR;
				CLANG_WARN_DOCUMENTATION_COMMENTS = YES;
				CLANG_WARN_EMPTY_BODY = YES;
				CLANG_WARN_ENUM_CONVERSION = YES;
				CLANG_WARN_INFINITE_RECURSION = YES;
				CLANG_WARN_INT_CONVERSION = YES;
				CLANG_WARN_NON_LITERAL_NULL_CONVERSION = YES;
				CLANG_WARN_OBJC_LITERAL_CONVERSION = YES;
				CLANG_WARN_OBJC_ROOT_CLASS = YES_ERROR;
				CLANG_WARN_RANGE_LOOP_ANALYSIS = YES;
				CLANG_WARN_STRICT_PROTOTYPES = YES;
				CLANG_WARN_SUSPICIOUS_MOVE = YES;
				CLANG_WARN_UNGUARDED_AVAILABILITY = YES_AGGRESSIVE;
				CLANG_WARN_UNREACHABLE_CODE = YES;
				CLANG_WARN__DUPLICATE_METHOD_MATCH = YES;
				CODE_SIGN_IDENTITY = "iPhone Developer";
				COPY_PHASE_STRIP = NO;
				DEBUG_INFORMATION_FORMAT = dwarf;
				ENABLE_STRICT_OBJC_MSGSEND = YES;
				ENABLE_TESTABILITY = YES;
				GCC_C_LANGUAGE_STANDARD = gnu11;
				GCC_DYNAMIC_NO_PIC = NO;
				GCC_NO_COMMON_BLOCKS = YES;
				GCC_OPTIMIZATION_LEVEL = 0;
				GCC_PREPROCESSOR_DEFINITIONS = (
					"DEBUG=1",
					"$(inherited)",
				);
				GCC_WARN_64_TO_32_BIT_CONVERSION = YES;
				GCC_WARN_ABOUT_RETURN_TYPE = YES_ERROR;
				GCC_WARN_UNDECLARED_SELECTOR = YES;
				GCC_WARN_UNINITIALIZED_AUTOS = YES_AGGRESSIVE;
				GCC_WARN_UNUSED_FUNCTION = YES;
				GCC_WARN_UNUSED_VARIABLE = YES;
				IPHONEOS_DEPLOYMENT_TARGET = 11.2;
				MTL_ENABLE_DEBUG_INFO = YES;
				ONLY_ACTIVE_ARCH = YES;
				SDKROOT = iphoneos;
				SWIFT_ACTIVE_COMPILATION_CONDITIONS = DEBUG;
				SWIFT_OPTIMIZATION_LEVEL = "-Onone";
			};
			name = Debug;
		};
		FFCACF25201E7B920070B1BA /* Release */ = {
			isa = XCBuildConfiguration;
			buildSettings = {
				ALWAYS_SEARCH_USER_PATHS = NO;
				CLANG_ANALYZER_NONNULL = YES;
				CLANG_ANALYZER_NUMBER_OBJECT_CONVERSION = YES_AGGRESSIVE;
				CLANG_CXX_LANGUAGE_STANDARD = "gnu++14";
				CLANG_CXX_LIBRARY = "libc++";
				CLANG_ENABLE_MODULES = YES;
				CLANG_ENABLE_OBJC_ARC = YES;
				CLANG_WARN_BLOCK_CAPTURE_AUTORELEASING = YES;
				CLANG_WARN_BOOL_CONVERSION = YES;
				CLANG_WARN_COMMA = YES;
				CLANG_WARN_CONSTANT_CONVERSION = YES;
				CLANG_WARN_DIRECT_OBJC_ISA_USAGE = YES_ERROR;
				CLANG_WARN_DOCUMENTATION_COMMENTS = YES;
				CLANG_WARN_EMPTY_BODY = YES;
				CLANG_WARN_ENUM_CONVERSION = YES;
				CLANG_WARN_INFINITE_RECURSION = YES;
				CLANG_WARN_INT_CONVERSION = YES;
				CLANG_WARN_NON_LITERAL_NULL_CONVERSION = YES;
				CLANG_WARN_OBJC_LITERAL_CONVERSION = YES;
				CLANG_WARN_OBJC_ROOT_CLASS = YES_ERROR;
				CLANG_WARN_RANGE_LOOP_ANALYSIS = YES;
				CLANG_WARN_STRICT_PROTOTYPES = YES;
				CLANG_WARN_SUSPICIOUS_MOVE = YES;
				CLANG_WARN_UNGUARDED_AVAILABILITY = YES_AGGRESSIVE;
				CLANG_WARN_UNREACHABLE_CODE = YES;
				CLANG_WARN__DUPLICATE_METHOD_MATCH = YES;
				CODE_SIGN_IDENTITY = "iPhone Developer";
				COPY_PHASE_STRIP = NO;
				DEBUG_INFORMATION_FORMAT = "dwarf-with-dsym";
				ENABLE_NS_ASSERTIONS = NO;
				ENABLE_STRICT_OBJC_MSGSEND = YES;
				GCC_C_LANGUAGE_STANDARD = gnu11;
				GCC_NO_COMMON_BLOCKS = YES;
				GCC_WARN_64_TO_32_BIT_CONVERSION = YES;
				GCC_WARN_ABOUT_RETURN_TYPE = YES_ERROR;
				GCC_WARN_UNDECLARED_SELECTOR = YES;
				GCC_WARN_UNINITIALIZED_AUTOS = YES_AGGRESSIVE;
				GCC_WARN_UNUSED_FUNCTION = YES;
				GCC_WARN_UNUSED_VARIABLE = YES;
				IPHONEOS_DEPLOYMENT_TARGET = 11.2;
				MTL_ENABLE_DEBUG_INFO = NO;
				SDKROOT = iphoneos;
				SWIFT_OPTIMIZATION_LEVEL = "-Owholemodule";
				VALIDATE_PRODUCT = YES;
			};
			name = Release;
		};
		FFCACF27201E7B920070B1BA /* Debug */ = {
			isa = XCBuildConfiguration;
			buildSettings = {
				ASSETCATALOG_COMPILER_APPICON_NAME = AppIcon;
				CODE_SIGN_STYLE = Automatic;
				DEVELOPMENT_TEAM = 5P454D6468;
				INFOPLIST_FILE = "simple-calc/Info.plist";
				LD_RUNPATH_SEARCH_PATHS = "$(inherited) @executable_path/Frameworks";
				PRODUCT_BUNDLE_IDENTIFIER = "com.samsturtevant.simple-calc";
				PRODUCT_NAME = "$(TARGET_NAME)";
				SWIFT_VERSION = 4.0;
				TARGETED_DEVICE_FAMILY = "1,2";
			};
			name = Debug;
		};
		FFCACF28201E7B920070B1BA /* Release */ = {
			isa = XCBuildConfiguration;
			buildSettings = {
				ASSETCATALOG_COMPILER_APPICON_NAME = AppIcon;
				CODE_SIGN_STYLE = Automatic;
				DEVELOPMENT_TEAM = 5P454D6468;
				INFOPLIST_FILE = "simple-calc/Info.plist";
				LD_RUNPATH_SEARCH_PATHS = "$(inherited) @executable_path/Frameworks";
				PRODUCT_BUNDLE_IDENTIFIER = "com.samsturtevant.simple-calc";
				PRODUCT_NAME = "$(TARGET_NAME)";
				SWIFT_VERSION = 4.0;
				TARGETED_DEVICE_FAMILY = "1,2";
			};
			name = Release;
		};
		FFCACF2A201E7B920070B1BA /* Debug */ = {
			isa = XCBuildConfiguration;
			buildSettings = {
				ALWAYS_EMBED_SWIFT_STANDARD_LIBRARIES = YES;
				BUNDLE_LOADER = "$(TEST_HOST)";
				CODE_SIGN_STYLE = Automatic;
				DEVELOPMENT_TEAM = 5P454D6468;
				INFOPLIST_FILE = "simple-calcTests/Info.plist";
				LD_RUNPATH_SEARCH_PATHS = "$(inherited) @executable_path/Frameworks @loader_path/Frameworks";
				PRODUCT_BUNDLE_IDENTIFIER = "com.samsturtevant.simple-calcTests";
				PRODUCT_NAME = "$(TARGET_NAME)";
				SWIFT_VERSION = 4.0;
				TARGETED_DEVICE_FAMILY = "1,2";
				TEST_HOST = "$(BUILT_PRODUCTS_DIR)/simple-calc.app/simple-calc";
			};
			name = Debug;
		};
		FFCACF2B201E7B920070B1BA /* Release */ = {
			isa = XCBuildConfiguration;
			buildSettings = {
				ALWAYS_EMBED_SWIFT_STANDARD_LIBRARIES = YES;
				BUNDLE_LOADER = "$(TEST_HOST)";
				CODE_SIGN_STYLE = Automatic;
				DEVELOPMENT_TEAM = 5P454D6468;
				INFOPLIST_FILE = "simple-calcTests/Info.plist";
				LD_RUNPATH_SEARCH_PATHS = "$(inherited) @executable_path/Frameworks @loader_path/Frameworks";
				PRODUCT_BUNDLE_IDENTIFIER = "com.samsturtevant.simple-calcTests";
				PRODUCT_NAME = "$(TARGET_NAME)";
				SWIFT_VERSION = 4.0;
				TARGETED_DEVICE_FAMILY = "1,2";
				TEST_HOST = "$(BUILT_PRODUCTS_DIR)/simple-calc.app/simple-calc";
			};
			name = Release;
		};
		FFCACF2D201E7B920070B1BA /* Debug */ = {
			isa = XCBuildConfiguration;
			buildSettings = {
				ALWAYS_EMBED_SWIFT_STANDARD_LIBRARIES = YES;
				CODE_SIGN_STYLE = Automatic;
				DEVELOPMENT_TEAM = 5P454D6468;
				INFOPLIST_FILE = "simple-calcUITests/Info.plist";
				LD_RUNPATH_SEARCH_PATHS = "$(inherited) @executable_path/Frameworks @loader_path/Frameworks";
				PRODUCT_BUNDLE_IDENTIFIER = "com.samsturtevant.simple-calcUITests";
				PRODUCT_NAME = "$(TARGET_NAME)";
				SWIFT_VERSION = 4.0;
				TARGETED_DEVICE_FAMILY = "1,2";
				TEST_TARGET_NAME = "simple-calc";
			};
			name = Debug;
		};
		FFCACF2E201E7B920070B1BA /* Release */ = {
			isa = XCBuildConfiguration;
			buildSettings = {
				ALWAYS_EMBED_SWIFT_STANDARD_LIBRARIES = YES;
				CODE_SIGN_STYLE = Automatic;
				DEVELOPMENT_TEAM = 5P454D6468;
				INFOPLIST_FILE = "simple-calcUITests/Info.plist";
				LD_RUNPATH_SEARCH_PATHS = "$(inherited) @executable_path/Frameworks @loader_path/Frameworks";
				PRODUCT_BUNDLE_IDENTIFIER = "com.samsturtevant.simple-calcUITests";
				PRODUCT_NAME = "$(TARGET_NAME)";
				SWIFT_VERSION = 4.0;
				TARGETED_DEVICE_FAMILY = "1,2";
				TEST_TARGET_NAME = "simple-calc";
			};
			name = Release;
		};
/* End XCBuildConfiguration section */

/* Begin XCConfigurationList section */
		FFCACEF9201E7B920070B1BA /* Build configuration list for PBXProject "simple-calc" */ = {
			isa = XCConfigurationList;
			buildConfigurations = (
				FFCACF24201E7B920070B1BA /* Debug */,
				FFCACF25201E7B920070B1BA /* Release */,
			);
			defaultConfigurationIsVisible = 0;
			defaultConfigurationName = Release;
		};
		FFCACF26201E7B920070B1BA /* Build configuration list for PBXNativeTarget "simple-calc" */ = {
			isa = XCConfigurationList;
			buildConfigurations = (
				FFCACF27201E7B920070B1BA /* Debug */,
				FFCACF28201E7B920070B1BA /* Release */,
			);
			defaultConfigurationIsVisible = 0;
			defaultConfigurationName = Release;
		};
		FFCACF29201E7B920070B1BA /* Build configuration list for PBXNativeTarget "simple-calcTests" */ = {
			isa = XCConfigurationList;
			buildConfigurations = (
				FFCACF2A201E7B920070B1BA /* Debug */,
				FFCACF2B201E7B920070B1BA /* Release */,
			);
			defaultConfigurationIsVisible = 0;
			defaultConfigurationName = Release;
		};
		FFCACF2C201E7B920070B1BA /* Build configuration list for PBXNativeTarget "simple-calcUITests" */ = {
			isa = XCConfigurationList;
			buildConfigurations = (
				FFCACF2D201E7B920070B1BA /* Debug */,
				FFCACF2E201E7B920070B1BA /* Release */,
			);
			defaultConfigurationIsVisible = 0;
			defaultConfigurationName = Release;
		};
/* End XCConfigurationList section */
	};
	rootObject = FFCACEF6201E7B920070B1BA /* Project object */;
}
